
Microsoft Visual Studio Solution File, Format Version 12.00
# Visual Studio Version 16
VisualStudioVersion = 16.0.31911.196
MinimumVisualStudioVersion = 10.0.40219.1
Project("{FAE04EC0-301F-11D3-BF4B-00C04F79EFBC}") = "ExListas", "ExListas\ExListas.csproj", "{E2CAD8C0-7669-419D-8283-F8A3BC9079FD}"
EndProject
Global
	GlobalSection(SolutionConfigurationPlatforms) = preSolution
		Debug|Any CPU = Debug|Any CPU
		Release|Any CPU = Release|Any CPU
	EndGlobalSection
	GlobalSection(ProjectConfigurationPlatforms) = postSolution
		{E2CAD8C0-7669-419D-8283-F8A3BC9079FD}.Debug|Any CPU.ActiveCfg = Debug|Any CPU
		{E2CAD8C0-7669-419D-8283-F8A3BC9079FD}.Debug|Any CPU.Build.0 = Debug|Any CPU
		{E2CAD8C0-7669-419D-8283-F8A3BC9079FD}.Release|Any CPU.ActiveCfg = Release|Any CPU
		{E2CAD8C0-7669-419D-8283-F8A3BC9079FD}.Release|Any CPU.Build.0 = Release|Any CPU
	EndGlobalSection
	GlobalSection(SolutionProperties) = preSolution
		HideSolutionNode = FALSE
	EndGlobalSection
	GlobalSection(ExtensibilityGlobals) = postSolution
		SolutionGuid = {10D4F74B-065B-43E9-93B4-0378025E0766}
	EndGlobalSection
EndGlobal
